{
  "name": "fujion-angular-bootstrap",
  "version": "3.0.0",
  "lockfileVersion": 1,
  "requires": true,
  "dependencies": {
    "@angular/animations": {
      "version": "11.2.1",
      "resolved": "https://registry.npmjs.org/@angular/animations/-/animations-11.2.1.tgz",
      "integrity": "sha512-U2gtMaiVfTNMn0FPpSDTgOgtYc45QUnQcc2Po40rCmgH7BGyJAOgmaXY9uv319Jjl+vNrX+bbXaZix73Zpjfyg==",
      "requires": {
        "tslib": "^2.0.0"
      }
    },
    "@angular/common": {
      "version": "11.2.1",
      "resolved": "https://registry.npmjs.org/@angular/common/-/common-11.2.1.tgz",
      "integrity": "sha512-6FuZvJkYq8ZD4Bi6n7zaok1BMe5ve3EZDXLM7cDl2Hktpc+z0/mIZtVYMR0zvf7VX48E4zUU039779ixy0zDMw==",
      "requires": {
        "tslib": "^2.0.0"
      }
    },
    "@angular/compiler": {
      "version": "11.2.1",
      "resolved": "https://registry.npmjs.org/@angular/compiler/-/compiler-11.2.1.tgz",
      "integrity": "sha512-dejydNtCGMs06zP6aTJ4fYi3cyrXZ9GSS88DT/pZUC1ay9eZUTfm1tLH6NlCDPUwlDSUWKOWAIHwSBzHEkDJ6w==",
      "requires": {
        "tslib": "^2.0.0"
      }
    },
    "@angular/core": {
      "version": "11.2.1",
      "resolved": "https://registry.npmjs.org/@angular/core/-/core-11.2.1.tgz",
      "integrity": "sha512-FfMMG9yWW1xfZmHp8NtXJlNbLrgZ5Fm7FguRfTAuH007gDoknm+V3INKGyQfYOsIlxuJCSzyEeM3270lmbzYaQ==",
      "requires": {
        "tslib": "^2.0.0"
      }
    },
    "@angular/forms": {
      "version": "11.2.1",
      "resolved": "https://registry.npmjs.org/@angular/forms/-/forms-11.2.1.tgz",
      "integrity": "sha512-/Xy1DQCZkCs1qWudmxooscPmVDkOEsgy9YJIoAYzsrRNINOpggBxBYRO9dztRmp2yDvRSAFTylmfQyTOrWrK7Q==",
      "requires": {
        "tslib": "^2.0.0"
      }
    },
    "@angular/platform-browser": {
      "version": "11.2.1",
      "resolved": "https://registry.npmjs.org/@angular/platform-browser/-/platform-browser-11.2.1.tgz",
      "integrity": "sha512-wu1B6AY0Om1Pj3U7woLGNbuAgajKEg+B6IKIaCwXv03lID53hpMagyBiNJLLEL6PIRO33G3rPbRKW9gGEr52vg==",
      "requires": {
        "tslib": "^2.0.0"
      }
    },
    "@angular/platform-browser-dynamic": {
      "version": "11.2.1",
      "resolved": "https://registry.npmjs.org/@angular/platform-browser-dynamic/-/platform-browser-dynamic-11.2.1.tgz",
      "integrity": "sha512-7DEAwy3w2GqhVDe9e5AZoFFEd6e/cnACkz39R4VWY8YiSz/HFtOQ7lQPmjzkmXMEKuGVnQzFwD4aAQWXd/myQg==",
      "requires": {
        "tslib": "^2.0.0"
      }
    },
    "@angular/router": {
      "version": "11.2.1",
      "resolved": "https://registry.npmjs.org/@angular/router/-/router-11.2.1.tgz",
      "integrity": "sha512-YAq3zO8xdfjqEZ8Ur3go+5JXGIwpSTDj86dzZUMhTIsUuSVluBNdG1A+BQV2X5QNLh7VtdwfW5Npbjkn0Go/Cw==",
      "requires": {
        "tslib": "^2.0.0"
      }
    },
    "rxjs": {
      "version": "6.6.3",
      "resolved": "https://registry.npmjs.org/rxjs/-/rxjs-6.6.3.tgz",
      "integrity": "sha512-trsQc+xYYXZ3urjOiJOuCOa5N3jAZ3eiSpQB5hIT8zGlL2QfnHLJ2r7GMkBGuIausdJN1OneaI6gQlsqNHHmZQ==",
      "requires": {
        "tslib": "^1.9.0"
      },
      "dependencies": {
        "tslib": {
          "version": "1.14.1",
          "resolved": "https://registry.npmjs.org/tslib/-/tslib-1.14.1.tgz",
          "integrity": "sha512-Xni35NKzjgMrwevysHTCArtLDpPvye8zV/0E4EyYn43P7/7qvQwPh9BGkHewbMulVntbigmcT7rdX3BNo9wRJg=="
        }
      }
    },
    "tslib": {
      "version": "2.1.0",
      "resolved": "https://registry.npmjs.org/tslib/-/tslib-2.1.0.tgz",
      "integrity": "sha512-hcVC3wYEziELGGmEEXue7D75zbwIIVUMWAVbHItGPx0ziyXxrOMQx4rQEVEV45Ut/1IotuEvwqPopzIOkDMf0A=="
    },
    "typescript": {
      "version": "3.9.7",
      "resolved": "https://registry.npmjs.org/typescript/-/typescript-3.9.7.tgz",
      "integrity": "sha512-BLbiRkiBzAwsjut4x/dsibSTB6yWpwT5qWmC2OfuCg3GgVQCSgMs4vEctYPhsaGtd0AeuuHMkjZ2h2WG8MSzRw==",
      "dev": true
    },
    "zone.js": {
      "version": "0.11.4",
      "resolved": "https://registry.npmjs.org/zone.js/-/zone.js-0.11.4.tgz",
      "integrity": "sha512-DDh2Ab+A/B+9mJyajPjHFPWfYU1H+pdun4wnnk0OcQTNjem1XQSZ2CDW+rfZEUDjv5M19SBqAkjZi0x5wuB5Qw==",
      "requires": {
        "tslib": "^2.0.0"
      }
    }
  }
}
