{
  "requires": true,
  "lockfileVersion": 1,
  "dependencies": {
    "@angular/animations": {
      "version": "11.2.1",
      "resolved": "https://registry.npmjs.org/@angular/animations/-/animations-11.2.1.tgz",
      "integrity": "sha512-U2gtMaiVfTNMn0FPpSDTgOgtYc45QUnQcc2Po40rCmgH7BGyJAOgmaXY9uv319Jjl+vNrX+bbXaZix73Zpjfyg==",
      "requires": {
        "tslib": "^2.0.0"
      }
    },
    "@angular/common": {
      "version": "11.2.1",
      "resolved": "https://registry.npmjs.org/@angular/common/-/common-11.2.1.tgz",
      "integrity": "sha512-6FuZvJkYq8ZD4Bi6n7zaok1BMe5ve3EZDXLM7cDl2Hktpc+z0/mIZtVYMR0zvf7VX48E4zUU039779ixy0zDMw==",
      "requires": {
        "tslib": "^2.0.0"
      }
    },
    "@angular/compiler": {
      "version": "11.2.1",
      "resolved": "https://registry.npmjs.org/@angular/compiler/-/compiler-11.2.1.tgz",
      "integrity": "sha512-dejydNtCGMs06zP6aTJ4fYi3cyrXZ9GSS88DT/pZUC1ay9eZUTfm1tLH6NlCDPUwlDSUWKOWAIHwSBzHEkDJ6w==",
      "requires": {
        "tslib": "^2.0.0"
      }
    },
    "@angular/core": {
      "version": "11.2.1",
      "resolved": "https://registry.npmjs.org/@angular/core/-/core-11.2.1.tgz",
      "integrity": "sha512-FfMMG9yWW1xfZmHp8NtXJlNbLrgZ5Fm7FguRfTAuH007gDoknm+V3INKGyQfYOsIlxuJCSzyEeM3270lmbzYaQ==",
      "requires": {
        "tslib": "^2.0.0"
      }
    },
    "@angular/forms": {
      "version": "11.2.1",
      "resolved": "https://registry.npmjs.org/@angular/forms/-/forms-11.2.1.tgz",
      "integrity": "sha512-/Xy1DQCZkCs1qWudmxooscPmVDkOEsgy9YJIoAYzsrRNINOpggBxBYRO9dztRmp2yDvRSAFTylmfQyTOrWrK7Q==",
      "requires": {
        "tslib": "^2.0.0"
      }
    },
    "@angular/platform-browser": {
      "version": "11.2.1",
      "resolved": "https://registry.npmjs.org/@angular/platform-browser/-/platform-browser-11.2.1.tgz",
      "integrity": "sha512-wu1B6AY0Om1Pj3U7woLGNbuAgajKEg+B6IKIaCwXv03lID53hpMagyBiNJLLEL6PIRO33G3rPbRKW9gGEr52vg==",
      "requires": {
        "tslib": "^2.0.0"
      }
    },
    "@angular/platform-browser-dynamic": {
      "version": "11.2.1",
      "resolved": "https://registry.npmjs.org/@angular/platform-browser-dynamic/-/platform-browser-dynamic-11.2.1.tgz",
      "integrity": "sha512-7DEAwy3w2GqhVDe9e5AZoFFEd6e/cnACkz39R4VWY8YiSz/HFtOQ7lQPmjzkmXMEKuGVnQzFwD4aAQWXd/myQg==",
      "requires": {
        "tslib": "^2.0.0"
      }
    },
    "@angular/router": {
      "version": "11.2.1",
      "resolved": "https://registry.npmjs.org/@angular/router/-/router-11.2.1.tgz",
      "integrity": "sha512-YAq3zO8xdfjqEZ8Ur3go+5JXGIwpSTDj86dzZUMhTIsUuSVluBNdG1A+BQV2X5QNLh7VtdwfW5Npbjkn0Go/Cw==",
      "requires": {
        "tslib": "^2.0.0"
      }
    },
    "rxjs": {
      "version": "7.0.0",
      "resolved": "https://registry.npmjs.org/rxjs/-/rxjs-7.0.0.tgz",
      "integrity": "sha512-I1V/ArAtGJg4kmCfms8fULm0SwYgEsAf2d5WPCBGzTYm2qTjO3Tx4EDFaGjbOox8CeEsC69jQK22mnmfyA26sw==",
      "requires": {
        "tslib": "~2.1.0"
      },
      "dependencies": {
        "tslib": {
          "version": "2.1.0",
          "resolved": "https://registry.npmjs.org/tslib/-/tslib-2.1.0.tgz",
          "integrity": "sha512-hcVC3wYEziELGGmEEXue7D75zbwIIVUMWAVbHItGPx0ziyXxrOMQx4rQEVEV45Ut/1IotuEvwqPopzIOkDMf0A=="
        }
      }
    },
    "tslib": {
      "version": "2.2.0",
      "resolved": "https://registry.npmjs.org/tslib/-/tslib-2.2.0.tgz",
      "integrity": "sha512-gS9GVHRU+RGn5KQM2rllAlR3dU6m7AcpJKdtH8gFvQiC4Otgk98XnmMU+nZenHt/+VhnBPWwgrJsyrdcw6i23w=="
    },
    "typescript": {
      "version": "4.1.5",
      "resolved": "https://registry.npmjs.org/typescript/-/typescript-4.1.5.tgz",
      "integrity": "sha512-6OSu9PTIzmn9TCDiovULTnET6BgXtDYL4Gg4szY+cGsc3JP1dQL8qvE8kShTRx1NIw4Q9IBHlwODjkjWEtMUyA=="
    },
    "zone.js": {
      "version": "0.11.4",
      "resolved": "https://registry.npmjs.org/zone.js/-/zone.js-0.11.4.tgz",
      "integrity": "sha512-DDh2Ab+A/B+9mJyajPjHFPWfYU1H+pdun4wnnk0OcQTNjem1XQSZ2CDW+rfZEUDjv5M19SBqAkjZi0x5wuB5Qw==",
      "requires": {
        "tslib": "^2.0.0"
      }
    }
  }
}
